
Microsoft Visual Studio Solution File, Format Version 12.00
# Visual Studio 14
VisualStudioVersion = 14.0.25420.1
MinimumVisualStudioVersion = 10.0.40219.1
Project("{FAE04EC0-301F-11D3-BF4B-00C04F79EFBC}") = "ArcGIS.ServiceModel", "src\ArcGIS.ServiceModel\ArcGIS.ServiceModel.csproj", "{BD6D09F4-FCD7-4894-971B-87E6294393BC}"
EndProject
Project("{FAE04EC0-301F-11D3-BF4B-00C04F79EFBC}") = "ArcGIS.Test", "tests\ArcGIS.Test\ArcGIS.Test.csproj", "{04B9D1A5-9905-47F6-B8C4-45A07430AC09}"
EndProject
Project("{2150E333-8FDC-42A3-9474-1A3956D46DE8}") = "Solution Items", "Solution Items", "{1EF606F2-E995-4D3D-BDE4-6AF81895C465}"
	ProjectSection(SolutionItems) = preProject
		.travis.yml = .travis.yml
		appveyor.yml = appveyor.yml
		ArcGIS.PCL.JsonDotNetSerializer.nuspec = ArcGIS.PCL.JsonDotNetSerializer.nuspec
		ArcGIS.PCL.JsonDotNetSerializer.Source.nuspec = ArcGIS.PCL.JsonDotNetSerializer.Source.nuspec
		ArcGIS.PCL.nuspec = ArcGIS.PCL.nuspec
		ArcGIS.PCL.ServiceStackSerializer.Source.nuspec = ArcGIS.PCL.ServiceStackSerializer.Source.nuspec
		ArcGIS.PCL.ServiceStackV3Serializer.nuspec = ArcGIS.PCL.ServiceStackV3Serializer.nuspec
		build.bat = build.bat
		build.fsx = build.fsx
		build.sh = build.sh
		src\CommonAssemblyInfo.cs = src\CommonAssemblyInfo.cs
	EndProjectSection
EndProject
Project("{FAE04EC0-301F-11D3-BF4B-00C04F79EFBC}") = "ArcGIS.ServiceModel.NET", "src\ArcGIS.ServiceModel.NET\ArcGIS.ServiceModel.NET.csproj", "{EBA52C4D-2D08-4FE6-AA52-8118774B4362}"
EndProject
Project("{FAE04EC0-301F-11D3-BF4B-00C04F79EFBC}") = "ArcGIS.ServiceModel.Android", "src\ArcGIS.ServiceModel.Android\ArcGIS.ServiceModel.Android.csproj", "{45B4971C-48CF-4228-8543-AE0D3E278EFD}"
EndProject
Project("{FAE04EC0-301F-11D3-BF4B-00C04F79EFBC}") = "ArcGIS.ServiceModel.WinStore", "src\ArcGIS.ServiceModel.WinStore\ArcGIS.ServiceModel.WinStore.csproj", "{5C76B2FA-FC60-4D33-BEDB-F3153860F74C}"
EndProject
Project("{2150E333-8FDC-42A3-9474-1A3956D46DE8}") = "tests", "tests", "{13B709EB-D87F-4E10-9285-4FE62EFBBE65}"
EndProject
Project("{2150E333-8FDC-42A3-9474-1A3956D46DE8}") = "ISerializers", "ISerializers", "{735A217A-67F5-4798-A7DE-423C5C38C9A5}"
EndProject
Project("{FAE04EC0-301F-11D3-BF4B-00C04F79EFBC}") = "ArcGIS.ServiceModel.Serializers.JsonDotNet", "src\ArcGIS.ServiceModel.Serializers.JsonDotNet\ArcGIS.ServiceModel.Serializers.JsonDotNet.csproj", "{9EEC199F-9D98-48D0-A8E7-54609A686F07}"
EndProject
Project("{FAE04EC0-301F-11D3-BF4B-00C04F79EFBC}") = "ArcGIS.ServiceModel.Serializers.ServiceStackV3", "src\ArcGIS.ServiceModel.Serializers.ServiceStackV3\ArcGIS.ServiceModel.Serializers.ServiceStackV3.csproj", "{5895202C-46D9-4372-9C8D-0B591FC3D7D8}"
EndProject
Project("{2150E333-8FDC-42A3-9474-1A3956D46DE8}") = ".nuget", ".nuget", "{B14328FC-8301-46BF-810E-91AE383EEAA2}"
	ProjectSection(SolutionItems) = preProject
		.nuget\packages.config = .nuget\packages.config
	EndProjectSection
EndProject
Project("{FAE04EC0-301F-11D3-BF4B-00C04F79EFBC}") = "ArcGIS.ServiceModel.WP", "src\ArcGIS.ServiceModel.WP\ArcGIS.ServiceModel.WP.csproj", "{16FB71C9-D8B3-469F-9CC3-0B3D47F0B0CB}"
EndProject
Project("{FAE04EC0-301F-11D3-BF4B-00C04F79EFBC}") = "ArcGIS.ServiceModel.iOSUnified", "src\ArcGIS.ServiceModel.iOSUnified\ArcGIS.ServiceModel.iOSUnified.csproj", "{25E29734-C573-45E2-A02A-24B611813596}"
EndProject
Project("{FAE04EC0-301F-11D3-BF4B-00C04F79EFBC}") = "ArcGIS.Test.Integration", "tests\ArcGIS.Test.Integration\ArcGIS.Test.Integration.csproj", "{564E7AEE-2440-4842-AED2-8D7DE30DE173}"
EndProject
Global
	GlobalSection(SolutionConfigurationPlatforms) = preSolution
		Ad-Hoc|Any CPU = Ad-Hoc|Any CPU
		Ad-Hoc|ARM = Ad-Hoc|ARM
		Ad-Hoc|iPhone = Ad-Hoc|iPhone
		Ad-Hoc|iPhoneSimulator = Ad-Hoc|iPhoneSimulator
		Ad-Hoc|x64 = Ad-Hoc|x64
		Ad-Hoc|x86 = Ad-Hoc|x86
		AppStore|Any CPU = AppStore|Any CPU
		AppStore|ARM = AppStore|ARM
		AppStore|iPhone = AppStore|iPhone
		AppStore|iPhoneSimulator = AppStore|iPhoneSimulator
		AppStore|x64 = AppStore|x64
		AppStore|x86 = AppStore|x86
		Debug|Any CPU = Debug|Any CPU
		Debug|ARM = Debug|ARM
		Debug|iPhone = Debug|iPhone
		Debug|iPhoneSimulator = Debug|iPhoneSimulator
		Debug|x64 = Debug|x64
		Debug|x86 = Debug|x86
		Release|Any CPU = Release|Any CPU
		Release|ARM = Release|ARM
		Release|iPhone = Release|iPhone
		Release|iPhoneSimulator = Release|iPhoneSimulator
		Release|x64 = Release|x64
		Release|x86 = Release|x86
	EndGlobalSection
	GlobalSection(ProjectConfigurationPlatforms) = postSolution
		{BD6D09F4-FCD7-4894-971B-87E6294393BC}.Ad-Hoc|Any CPU.ActiveCfg = Release|Any CPU
		{BD6D09F4-FCD7-4894-971B-87E6294393BC}.Ad-Hoc|ARM.ActiveCfg = Debug|Any CPU
		{BD6D09F4-FCD7-4894-971B-87E6294393BC}.Ad-Hoc|iPhone.ActiveCfg = Debug|Any CPU
		{BD6D09F4-FCD7-4894-971B-87E6294393BC}.Ad-Hoc|iPhone.Build.0 = Debug|Any CPU
		{BD6D09F4-FCD7-4894-971B-87E6294393BC}.Ad-Hoc|iPhoneSimulator.ActiveCfg = Release|Any CPU
		{BD6D09F4-FCD7-4894-971B-87E6294393BC}.Ad-Hoc|x64.ActiveCfg = Debug|Any CPU
		{BD6D09F4-FCD7-4894-971B-87E6294393BC}.Ad-Hoc|x86.ActiveCfg = Debug|Any CPU
		{BD6D09F4-FCD7-4894-971B-87E6294393BC}.AppStore|Any CPU.ActiveCfg = Release|Any CPU
		{BD6D09F4-FCD7-4894-971B-87E6294393BC}.AppStore|ARM.ActiveCfg = Debug|Any CPU
		{BD6D09F4-FCD7-4894-971B-87E6294393BC}.AppStore|iPhone.ActiveCfg = Debug|Any CPU
		{BD6D09F4-FCD7-4894-971B-87E6294393BC}.AppStore|iPhone.Build.0 = Debug|Any CPU
		{BD6D09F4-FCD7-4894-971B-87E6294393BC}.AppStore|iPhoneSimulator.ActiveCfg = Release|Any CPU
		{BD6D09F4-FCD7-4894-971B-87E6294393BC}.AppStore|x64.ActiveCfg = Debug|Any CPU
		{BD6D09F4-FCD7-4894-971B-87E6294393BC}.AppStore|x86.ActiveCfg = Debug|Any CPU
		{BD6D09F4-FCD7-4894-971B-87E6294393BC}.Debug|Any CPU.ActiveCfg = Debug|Any CPU
		{BD6D09F4-FCD7-4894-971B-87E6294393BC}.Debug|Any CPU.Build.0 = Debug|Any CPU
		{BD6D09F4-FCD7-4894-971B-87E6294393BC}.Debug|ARM.ActiveCfg = Debug|Any CPU
		{BD6D09F4-FCD7-4894-971B-87E6294393BC}.Debug|iPhone.ActiveCfg = Debug|Any CPU
		{BD6D09F4-FCD7-4894-971B-87E6294393BC}.Debug|iPhone.Build.0 = Debug|Any CPU
		{BD6D09F4-FCD7-4894-971B-87E6294393BC}.Debug|iPhoneSimulator.ActiveCfg = Debug|Any CPU
		{BD6D09F4-FCD7-4894-971B-87E6294393BC}.Debug|iPhoneSimulator.Build.0 = Debug|Any CPU
		{BD6D09F4-FCD7-4894-971B-87E6294393BC}.Debug|x64.ActiveCfg = Debug|Any CPU
		{BD6D09F4-FCD7-4894-971B-87E6294393BC}.Debug|x86.ActiveCfg = Debug|Any CPU
		{BD6D09F4-FCD7-4894-971B-87E6294393BC}.Release|Any CPU.ActiveCfg = Release|Any CPU
		{BD6D09F4-FCD7-4894-971B-87E6294393BC}.Release|Any CPU.Build.0 = Release|Any CPU
		{BD6D09F4-FCD7-4894-971B-87E6294393BC}.Release|ARM.ActiveCfg = Release|Any CPU
		{BD6D09F4-FCD7-4894-971B-87E6294393BC}.Release|iPhone.ActiveCfg = Release|Any CPU
		{BD6D09F4-FCD7-4894-971B-87E6294393BC}.Release|iPhone.Build.0 = Release|Any CPU
		{BD6D09F4-FCD7-4894-971B-87E6294393BC}.Release|iPhoneSimulator.ActiveCfg = Release|Any CPU
		{BD6D09F4-FCD7-4894-971B-87E6294393BC}.Release|iPhoneSimulator.Build.0 = Release|Any CPU
		{BD6D09F4-FCD7-4894-971B-87E6294393BC}.Release|x64.ActiveCfg = Release|Any CPU
		{BD6D09F4-FCD7-4894-971B-87E6294393BC}.Release|x86.ActiveCfg = Release|Any CPU
		{04B9D1A5-9905-47F6-B8C4-45A07430AC09}.Ad-Hoc|Any CPU.ActiveCfg = Release|Any CPU
		{04B9D1A5-9905-47F6-B8C4-45A07430AC09}.Ad-Hoc|ARM.ActiveCfg = Debug|Any CPU
		{04B9D1A5-9905-47F6-B8C4-45A07430AC09}.Ad-Hoc|iPhone.ActiveCfg = Debug|Any CPU
		{04B9D1A5-9905-47F6-B8C4-45A07430AC09}.Ad-Hoc|iPhone.Build.0 = Debug|Any CPU
		{04B9D1A5-9905-47F6-B8C4-45A07430AC09}.Ad-Hoc|iPhoneSimulator.ActiveCfg = Release|Any CPU
		{04B9D1A5-9905-47F6-B8C4-45A07430AC09}.Ad-Hoc|x64.ActiveCfg = Debug|Any CPU
		{04B9D1A5-9905-47F6-B8C4-45A07430AC09}.Ad-Hoc|x86.ActiveCfg = Debug|Any CPU
		{04B9D1A5-9905-47F6-B8C4-45A07430AC09}.AppStore|Any CPU.ActiveCfg = Release|Any CPU
		{04B9D1A5-9905-47F6-B8C4-45A07430AC09}.AppStore|ARM.ActiveCfg = Debug|Any CPU
		{04B9D1A5-9905-47F6-B8C4-45A07430AC09}.AppStore|iPhone.ActiveCfg = Debug|Any CPU
		{04B9D1A5-9905-47F6-B8C4-45A07430AC09}.AppStore|iPhone.Build.0 = Debug|Any CPU
		{04B9D1A5-9905-47F6-B8C4-45A07430AC09}.AppStore|iPhoneSimulator.ActiveCfg = Release|Any CPU
		{04B9D1A5-9905-47F6-B8C4-45A07430AC09}.AppStore|x64.ActiveCfg = Debug|Any CPU
		{04B9D1A5-9905-47F6-B8C4-45A07430AC09}.AppStore|x86.ActiveCfg = Debug|Any CPU
		{04B9D1A5-9905-47F6-B8C4-45A07430AC09}.Debug|Any CPU.ActiveCfg = Debug|Any CPU
		{04B9D1A5-9905-47F6-B8C4-45A07430AC09}.Debug|Any CPU.Build.0 = Debug|Any CPU
		{04B9D1A5-9905-47F6-B8C4-45A07430AC09}.Debug|ARM.ActiveCfg = Debug|Any CPU
		{04B9D1A5-9905-47F6-B8C4-45A07430AC09}.Debug|iPhone.ActiveCfg = Debug|Any CPU
		{04B9D1A5-9905-47F6-B8C4-45A07430AC09}.Debug|iPhone.Build.0 = Debug|Any CPU
		{04B9D1A5-9905-47F6-B8C4-45A07430AC09}.Debug|iPhoneSimulator.ActiveCfg = Debug|Any CPU
		{04B9D1A5-9905-47F6-B8C4-45A07430AC09}.Debug|iPhoneSimulator.Build.0 = Debug|Any CPU
		{04B9D1A5-9905-47F6-B8C4-45A07430AC09}.Debug|x64.ActiveCfg = Debug|Any CPU
		{04B9D1A5-9905-47F6-B8C4-45A07430AC09}.Debug|x86.ActiveCfg = Debug|Any CPU
		{04B9D1A5-9905-47F6-B8C4-45A07430AC09}.Release|Any CPU.ActiveCfg = Release|Any CPU
		{04B9D1A5-9905-47F6-B8C4-45A07430AC09}.Release|Any CPU.Build.0 = Release|Any CPU
		{04B9D1A5-9905-47F6-B8C4-45A07430AC09}.Release|ARM.ActiveCfg = Release|Any CPU
		{04B9D1A5-9905-47F6-B8C4-45A07430AC09}.Release|iPhone.ActiveCfg = Release|Any CPU
		{04B9D1A5-9905-47F6-B8C4-45A07430AC09}.Release|iPhone.Build.0 = Release|Any CPU
		{04B9D1A5-9905-47F6-B8C4-45A07430AC09}.Release|iPhoneSimulator.ActiveCfg = Release|Any CPU
		{04B9D1A5-9905-47F6-B8C4-45A07430AC09}.Release|iPhoneSimulator.Build.0 = Release|Any CPU
		{04B9D1A5-9905-47F6-B8C4-45A07430AC09}.Release|x64.ActiveCfg = Release|Any CPU
		{04B9D1A5-9905-47F6-B8C4-45A07430AC09}.Release|x86.ActiveCfg = Release|Any CPU
		{EBA52C4D-2D08-4FE6-AA52-8118774B4362}.Ad-Hoc|Any CPU.ActiveCfg = Release|Any CPU
		{EBA52C4D-2D08-4FE6-AA52-8118774B4362}.Ad-Hoc|Any CPU.Build.0 = Release|Any CPU
		{EBA52C4D-2D08-4FE6-AA52-8118774B4362}.Ad-Hoc|ARM.ActiveCfg = Debug|Any CPU
		{EBA52C4D-2D08-4FE6-AA52-8118774B4362}.Ad-Hoc|iPhone.ActiveCfg = Release|Any CPU
		{EBA52C4D-2D08-4FE6-AA52-8118774B4362}.Ad-Hoc|iPhoneSimulator.ActiveCfg = Release|Any CPU
		{EBA52C4D-2D08-4FE6-AA52-8118774B4362}.Ad-Hoc|x64.ActiveCfg = Debug|Any CPU
		{EBA52C4D-2D08-4FE6-AA52-8118774B4362}.Ad-Hoc|x86.ActiveCfg = Debug|Any CPU
		{EBA52C4D-2D08-4FE6-AA52-8118774B4362}.AppStore|Any CPU.ActiveCfg = Release|Any CPU
		{EBA52C4D-2D08-4FE6-AA52-8118774B4362}.AppStore|Any CPU.Build.0 = Release|Any CPU
		{EBA52C4D-2D08-4FE6-AA52-8118774B4362}.AppStore|ARM.ActiveCfg = Debug|Any CPU
		{EBA52C4D-2D08-4FE6-AA52-8118774B4362}.AppStore|iPhone.ActiveCfg = Release|Any CPU
		{EBA52C4D-2D08-4FE6-AA52-8118774B4362}.AppStore|iPhoneSimulator.ActiveCfg = Release|Any CPU
		{EBA52C4D-2D08-4FE6-AA52-8118774B4362}.AppStore|x64.ActiveCfg = Debug|Any CPU
		{EBA52C4D-2D08-4FE6-AA52-8118774B4362}.AppStore|x86.ActiveCfg = Debug|Any CPU
		{EBA52C4D-2D08-4FE6-AA52-8118774B4362}.Debug|Any CPU.ActiveCfg = Debug|Any CPU
		{EBA52C4D-2D08-4FE6-AA52-8118774B4362}.Debug|Any CPU.Build.0 = Debug|Any CPU
		{EBA52C4D-2D08-4FE6-AA52-8118774B4362}.Debug|ARM.ActiveCfg = Debug|Any CPU
		{EBA52C4D-2D08-4FE6-AA52-8118774B4362}.Debug|iPhone.ActiveCfg = Debug|Any CPU
		{EBA52C4D-2D08-4FE6-AA52-8118774B4362}.Debug|iPhoneSimulator.ActiveCfg = Debug|Any CPU
		{EBA52C4D-2D08-4FE6-AA52-8118774B4362}.Debug|x64.ActiveCfg = Debug|Any CPU
		{EBA52C4D-2D08-4FE6-AA52-8118774B4362}.Debug|x86.ActiveCfg = Debug|Any CPU
		{EBA52C4D-2D08-4FE6-AA52-8118774B4362}.Release|Any CPU.ActiveCfg = Release|Any CPU
		{EBA52C4D-2D08-4FE6-AA52-8118774B4362}.Release|Any CPU.Build.0 = Release|Any CPU
		{EBA52C4D-2D08-4FE6-AA52-8118774B4362}.Release|ARM.ActiveCfg = Release|Any CPU
		{EBA52C4D-2D08-4FE6-AA52-8118774B4362}.Release|iPhone.ActiveCfg = Release|Any CPU
		{EBA52C4D-2D08-4FE6-AA52-8118774B4362}.Release|iPhoneSimulator.ActiveCfg = Release|Any CPU
		{EBA52C4D-2D08-4FE6-AA52-8118774B4362}.Release|x64.ActiveCfg = Release|Any CPU
		{EBA52C4D-2D08-4FE6-AA52-8118774B4362}.Release|x86.ActiveCfg = Release|Any CPU
		{45B4971C-48CF-4228-8543-AE0D3E278EFD}.Ad-Hoc|Any CPU.ActiveCfg = Release|Any CPU
		{45B4971C-48CF-4228-8543-AE0D3E278EFD}.Ad-Hoc|Any CPU.Build.0 = Release|Any CPU
		{45B4971C-48CF-4228-8543-AE0D3E278EFD}.Ad-Hoc|ARM.ActiveCfg = Debug|Any CPU
		{45B4971C-48CF-4228-8543-AE0D3E278EFD}.Ad-Hoc|iPhone.ActiveCfg = Release|Any CPU
		{45B4971C-48CF-4228-8543-AE0D3E278EFD}.Ad-Hoc|iPhoneSimulator.ActiveCfg = Release|Any CPU
		{45B4971C-48CF-4228-8543-AE0D3E278EFD}.Ad-Hoc|x64.ActiveCfg = Debug|Any CPU
		{45B4971C-48CF-4228-8543-AE0D3E278EFD}.Ad-Hoc|x86.ActiveCfg = Debug|Any CPU
		{45B4971C-48CF-4228-8543-AE0D3E278EFD}.AppStore|Any CPU.ActiveCfg = Release|Any CPU
		{45B4971C-48CF-4228-8543-AE0D3E278EFD}.AppStore|Any CPU.Build.0 = Release|Any CPU
		{45B4971C-48CF-4228-8543-AE0D3E278EFD}.AppStore|ARM.ActiveCfg = Debug|Any CPU
		{45B4971C-48CF-4228-8543-AE0D3E278EFD}.AppStore|iPhone.ActiveCfg = Release|Any CPU
		{45B4971C-48CF-4228-8543-AE0D3E278EFD}.AppStore|iPhoneSimulator.ActiveCfg = Release|Any CPU
		{45B4971C-48CF-4228-8543-AE0D3E278EFD}.AppStore|x64.ActiveCfg = Debug|Any CPU
		{45B4971C-48CF-4228-8543-AE0D3E278EFD}.AppStore|x86.ActiveCfg = Debug|Any CPU
		{45B4971C-48CF-4228-8543-AE0D3E278EFD}.Debug|Any CPU.ActiveCfg = Debug|Any CPU
		{45B4971C-48CF-4228-8543-AE0D3E278EFD}.Debug|Any CPU.Build.0 = Debug|Any CPU
		{45B4971C-48CF-4228-8543-AE0D3E278EFD}.Debug|ARM.ActiveCfg = Debug|Any CPU
		{45B4971C-48CF-4228-8543-AE0D3E278EFD}.Debug|iPhone.ActiveCfg = Debug|Any CPU
		{45B4971C-48CF-4228-8543-AE0D3E278EFD}.Debug|iPhoneSimulator.ActiveCfg = Debug|Any CPU
		{45B4971C-48CF-4228-8543-AE0D3E278EFD}.Debug|x64.ActiveCfg = Debug|Any CPU
		{45B4971C-48CF-4228-8543-AE0D3E278EFD}.Debug|x86.ActiveCfg = Debug|Any CPU
		{45B4971C-48CF-4228-8543-AE0D3E278EFD}.Release|Any CPU.ActiveCfg = Release|Any CPU
		{45B4971C-48CF-4228-8543-AE0D3E278EFD}.Release|Any CPU.Build.0 = Release|Any CPU
		{45B4971C-48CF-4228-8543-AE0D3E278EFD}.Release|ARM.ActiveCfg = Release|Any CPU
		{45B4971C-48CF-4228-8543-AE0D3E278EFD}.Release|iPhone.ActiveCfg = Release|Any CPU
		{45B4971C-48CF-4228-8543-AE0D3E278EFD}.Release|iPhoneSimulator.ActiveCfg = Release|Any CPU
		{45B4971C-48CF-4228-8543-AE0D3E278EFD}.Release|x64.ActiveCfg = Release|Any CPU
		{45B4971C-48CF-4228-8543-AE0D3E278EFD}.Release|x86.ActiveCfg = Release|Any CPU
		{5C76B2FA-FC60-4D33-BEDB-F3153860F74C}.Ad-Hoc|Any CPU.ActiveCfg = Release|Any CPU
		{5C76B2FA-FC60-4D33-BEDB-F3153860F74C}.Ad-Hoc|Any CPU.Build.0 = Release|Any CPU
		{5C76B2FA-FC60-4D33-BEDB-F3153860F74C}.Ad-Hoc|ARM.ActiveCfg = Release|ARM
		{5C76B2FA-FC60-4D33-BEDB-F3153860F74C}.Ad-Hoc|ARM.Build.0 = Release|ARM
		{5C76B2FA-FC60-4D33-BEDB-F3153860F74C}.Ad-Hoc|iPhone.ActiveCfg = Release|Any CPU
		{5C76B2FA-FC60-4D33-BEDB-F3153860F74C}.Ad-Hoc|iPhoneSimulator.ActiveCfg = Release|Any CPU
		{5C76B2FA-FC60-4D33-BEDB-F3153860F74C}.Ad-Hoc|x64.ActiveCfg = Release|x64
		{5C76B2FA-FC60-4D33-BEDB-F3153860F74C}.Ad-Hoc|x64.Build.0 = Release|x64
		{5C76B2FA-FC60-4D33-BEDB-F3153860F74C}.Ad-Hoc|x86.ActiveCfg = Release|x86
		{5C76B2FA-FC60-4D33-BEDB-F3153860F74C}.Ad-Hoc|x86.Build.0 = Release|x86
		{5C76B2FA-FC60-4D33-BEDB-F3153860F74C}.AppStore|Any CPU.ActiveCfg = Release|Any CPU
		{5C76B2FA-FC60-4D33-BEDB-F3153860F74C}.AppStore|Any CPU.Build.0 = Release|Any CPU
		{5C76B2FA-FC60-4D33-BEDB-F3153860F74C}.AppStore|ARM.ActiveCfg = Release|ARM
		{5C76B2FA-FC60-4D33-BEDB-F3153860F74C}.AppStore|ARM.Build.0 = Release|ARM
		{5C76B2FA-FC60-4D33-BEDB-F3153860F74C}.AppStore|iPhone.ActiveCfg = Release|Any CPU
		{5C76B2FA-FC60-4D33-BEDB-F3153860F74C}.AppStore|iPhoneSimulator.ActiveCfg = Release|Any CPU
		{5C76B2FA-FC60-4D33-BEDB-F3153860F74C}.AppStore|x64.ActiveCfg = Release|x64
		{5C76B2FA-FC60-4D33-BEDB-F3153860F74C}.AppStore|x64.Build.0 = Release|x64
		{5C76B2FA-FC60-4D33-BEDB-F3153860F74C}.AppStore|x86.ActiveCfg = Release|x86
		{5C76B2FA-FC60-4D33-BEDB-F3153860F74C}.AppStore|x86.Build.0 = Release|x86
		{5C76B2FA-FC60-4D33-BEDB-F3153860F74C}.Debug|Any CPU.ActiveCfg = Debug|Any CPU
		{5C76B2FA-FC60-4D33-BEDB-F3153860F74C}.Debug|Any CPU.Build.0 = Debug|Any CPU
		{5C76B2FA-FC60-4D33-BEDB-F3153860F74C}.Debug|ARM.ActiveCfg = Debug|ARM
		{5C76B2FA-FC60-4D33-BEDB-F3153860F74C}.Debug|ARM.Build.0 = Debug|ARM
		{5C76B2FA-FC60-4D33-BEDB-F3153860F74C}.Debug|iPhone.ActiveCfg = Debug|Any CPU
		{5C76B2FA-FC60-4D33-BEDB-F3153860F74C}.Debug|iPhoneSimulator.ActiveCfg = Debug|Any CPU
		{5C76B2FA-FC60-4D33-BEDB-F3153860F74C}.Debug|x64.ActiveCfg = Debug|x64
		{5C76B2FA-FC60-4D33-BEDB-F3153860F74C}.Debug|x64.Build.0 = Debug|x64
		{5C76B2FA-FC60-4D33-BEDB-F3153860F74C}.Debug|x86.ActiveCfg = Debug|x86
		{5C76B2FA-FC60-4D33-BEDB-F3153860F74C}.Debug|x86.Build.0 = Debug|x86
		{5C76B2FA-FC60-4D33-BEDB-F3153860F74C}.Release|Any CPU.ActiveCfg = Release|Any CPU
		{5C76B2FA-FC60-4D33-BEDB-F3153860F74C}.Release|Any CPU.Build.0 = Release|Any CPU
		{5C76B2FA-FC60-4D33-BEDB-F3153860F74C}.Release|ARM.ActiveCfg = Release|ARM
		{5C76B2FA-FC60-4D33-BEDB-F3153860F74C}.Release|ARM.Build.0 = Release|ARM
		{5C76B2FA-FC60-4D33-BEDB-F3153860F74C}.Release|iPhone.ActiveCfg = Release|Any CPU
		{5C76B2FA-FC60-4D33-BEDB-F3153860F74C}.Release|iPhoneSimulator.ActiveCfg = Release|Any CPU
		{5C76B2FA-FC60-4D33-BEDB-F3153860F74C}.Release|x64.ActiveCfg = Release|x64
		{5C76B2FA-FC60-4D33-BEDB-F3153860F74C}.Release|x64.Build.0 = Release|x64
		{5C76B2FA-FC60-4D33-BEDB-F3153860F74C}.Release|x86.ActiveCfg = Release|x86
		{5C76B2FA-FC60-4D33-BEDB-F3153860F74C}.Release|x86.Build.0 = Release|x86
		{9EEC199F-9D98-48D0-A8E7-54609A686F07}.Ad-Hoc|Any CPU.ActiveCfg = Release|Any CPU
		{9EEC199F-9D98-48D0-A8E7-54609A686F07}.Ad-Hoc|Any CPU.Build.0 = Release|Any CPU
		{9EEC199F-9D98-48D0-A8E7-54609A686F07}.Ad-Hoc|ARM.ActiveCfg = Release|Any CPU
		{9EEC199F-9D98-48D0-A8E7-54609A686F07}.Ad-Hoc|iPhone.ActiveCfg = Release|Any CPU
		{9EEC199F-9D98-48D0-A8E7-54609A686F07}.Ad-Hoc|iPhoneSimulator.ActiveCfg = Release|Any CPU
		{9EEC199F-9D98-48D0-A8E7-54609A686F07}.Ad-Hoc|x64.ActiveCfg = Release|Any CPU
		{9EEC199F-9D98-48D0-A8E7-54609A686F07}.Ad-Hoc|x86.ActiveCfg = Release|Any CPU
		{9EEC199F-9D98-48D0-A8E7-54609A686F07}.AppStore|Any CPU.ActiveCfg = Release|Any CPU
		{9EEC199F-9D98-48D0-A8E7-54609A686F07}.AppStore|Any CPU.Build.0 = Release|Any CPU
		{9EEC199F-9D98-48D0-A8E7-54609A686F07}.AppStore|ARM.ActiveCfg = Release|Any CPU
		{9EEC199F-9D98-48D0-A8E7-54609A686F07}.AppStore|iPhone.ActiveCfg = Release|Any CPU
		{9EEC199F-9D98-48D0-A8E7-54609A686F07}.AppStore|iPhoneSimulator.ActiveCfg = Release|Any CPU
		{9EEC199F-9D98-48D0-A8E7-54609A686F07}.AppStore|x64.ActiveCfg = Release|Any CPU
		{9EEC199F-9D98-48D0-A8E7-54609A686F07}.AppStore|x86.ActiveCfg = Release|Any CPU
		{9EEC199F-9D98-48D0-A8E7-54609A686F07}.Debug|Any CPU.ActiveCfg = Debug|Any CPU
		{9EEC199F-9D98-48D0-A8E7-54609A686F07}.Debug|Any CPU.Build.0 = Debug|Any CPU
		{9EEC199F-9D98-48D0-A8E7-54609A686F07}.Debug|ARM.ActiveCfg = Debug|Any CPU
		{9EEC199F-9D98-48D0-A8E7-54609A686F07}.Debug|iPhone.ActiveCfg = Debug|Any CPU
		{9EEC199F-9D98-48D0-A8E7-54609A686F07}.Debug|iPhoneSimulator.ActiveCfg = Debug|Any CPU
		{9EEC199F-9D98-48D0-A8E7-54609A686F07}.Debug|x64.ActiveCfg = Debug|Any CPU
		{9EEC199F-9D98-48D0-A8E7-54609A686F07}.Debug|x86.ActiveCfg = Debug|Any CPU
		{9EEC199F-9D98-48D0-A8E7-54609A686F07}.Release|Any CPU.ActiveCfg = Release|Any CPU
		{9EEC199F-9D98-48D0-A8E7-54609A686F07}.Release|Any CPU.Build.0 = Release|Any CPU
		{9EEC199F-9D98-48D0-A8E7-54609A686F07}.Release|ARM.ActiveCfg = Release|Any CPU
		{9EEC199F-9D98-48D0-A8E7-54609A686F07}.Release|iPhone.ActiveCfg = Release|Any CPU
		{9EEC199F-9D98-48D0-A8E7-54609A686F07}.Release|iPhoneSimulator.ActiveCfg = Release|Any CPU
		{9EEC199F-9D98-48D0-A8E7-54609A686F07}.Release|x64.ActiveCfg = Release|Any CPU
		{9EEC199F-9D98-48D0-A8E7-54609A686F07}.Release|x86.ActiveCfg = Release|Any CPU
		{5895202C-46D9-4372-9C8D-0B591FC3D7D8}.Ad-Hoc|Any CPU.ActiveCfg = Release|Any CPU
		{5895202C-46D9-4372-9C8D-0B591FC3D7D8}.Ad-Hoc|Any CPU.Build.0 = Release|Any CPU
		{5895202C-46D9-4372-9C8D-0B591FC3D7D8}.Ad-Hoc|ARM.ActiveCfg = Release|Any CPU
		{5895202C-46D9-4372-9C8D-0B591FC3D7D8}.Ad-Hoc|iPhone.ActiveCfg = Release|Any CPU
		{5895202C-46D9-4372-9C8D-0B591FC3D7D8}.Ad-Hoc|iPhoneSimulator.ActiveCfg = Release|Any CPU
		{5895202C-46D9-4372-9C8D-0B591FC3D7D8}.Ad-Hoc|x64.ActiveCfg = Release|Any CPU
		{5895202C-46D9-4372-9C8D-0B591FC3D7D8}.Ad-Hoc|x86.ActiveCfg = Release|Any CPU
		{5895202C-46D9-4372-9C8D-0B591FC3D7D8}.AppStore|Any CPU.ActiveCfg = Release|Any CPU
		{5895202C-46D9-4372-9C8D-0B591FC3D7D8}.AppStore|Any CPU.Build.0 = Release|Any CPU
		{5895202C-46D9-4372-9C8D-0B591FC3D7D8}.AppStore|ARM.ActiveCfg = Release|Any CPU
		{5895202C-46D9-4372-9C8D-0B591FC3D7D8}.AppStore|iPhone.ActiveCfg = Release|Any CPU
		{5895202C-46D9-4372-9C8D-0B591FC3D7D8}.AppStore|iPhoneSimulator.ActiveCfg = Release|Any CPU
		{5895202C-46D9-4372-9C8D-0B591FC3D7D8}.AppStore|x64.ActiveCfg = Release|Any CPU
		{5895202C-46D9-4372-9C8D-0B591FC3D7D8}.AppStore|x86.ActiveCfg = Release|Any CPU
		{5895202C-46D9-4372-9C8D-0B591FC3D7D8}.Debug|Any CPU.ActiveCfg = Debug|Any CPU
		{5895202C-46D9-4372-9C8D-0B591FC3D7D8}.Debug|Any CPU.Build.0 = Debug|Any CPU
		{5895202C-46D9-4372-9C8D-0B591FC3D7D8}.Debug|ARM.ActiveCfg = Debug|Any CPU
		{5895202C-46D9-4372-9C8D-0B591FC3D7D8}.Debug|iPhone.ActiveCfg = Debug|Any CPU
		{5895202C-46D9-4372-9C8D-0B591FC3D7D8}.Debug|iPhoneSimulator.ActiveCfg = Debug|Any CPU
		{5895202C-46D9-4372-9C8D-0B591FC3D7D8}.Debug|x64.ActiveCfg = Debug|Any CPU
		{5895202C-46D9-4372-9C8D-0B591FC3D7D8}.Debug|x86.ActiveCfg = Debug|Any CPU
		{5895202C-46D9-4372-9C8D-0B591FC3D7D8}.Release|Any CPU.ActiveCfg = Release|Any CPU
		{5895202C-46D9-4372-9C8D-0B591FC3D7D8}.Release|Any CPU.Build.0 = Release|Any CPU
		{5895202C-46D9-4372-9C8D-0B591FC3D7D8}.Release|ARM.ActiveCfg = Release|Any CPU
		{5895202C-46D9-4372-9C8D-0B591FC3D7D8}.Release|iPhone.ActiveCfg = Release|Any CPU
		{5895202C-46D9-4372-9C8D-0B591FC3D7D8}.Release|iPhoneSimulator.ActiveCfg = Release|Any CPU
		{5895202C-46D9-4372-9C8D-0B591FC3D7D8}.Release|x64.ActiveCfg = Release|Any CPU
		{5895202C-46D9-4372-9C8D-0B591FC3D7D8}.Release|x86.ActiveCfg = Release|Any CPU
		{16FB71C9-D8B3-469F-9CC3-0B3D47F0B0CB}.Ad-Hoc|Any CPU.ActiveCfg = Release|Any CPU
		{16FB71C9-D8B3-469F-9CC3-0B3D47F0B0CB}.Ad-Hoc|Any CPU.Build.0 = Release|Any CPU
		{16FB71C9-D8B3-469F-9CC3-0B3D47F0B0CB}.Ad-Hoc|ARM.ActiveCfg = Release|ARM
		{16FB71C9-D8B3-469F-9CC3-0B3D47F0B0CB}.Ad-Hoc|ARM.Build.0 = Release|ARM
		{16FB71C9-D8B3-469F-9CC3-0B3D47F0B0CB}.Ad-Hoc|iPhone.ActiveCfg = Release|Any CPU
		{16FB71C9-D8B3-469F-9CC3-0B3D47F0B0CB}.Ad-Hoc|iPhoneSimulator.ActiveCfg = Release|Any CPU
		{16FB71C9-D8B3-469F-9CC3-0B3D47F0B0CB}.Ad-Hoc|x64.ActiveCfg = Release|Any CPU
		{16FB71C9-D8B3-469F-9CC3-0B3D47F0B0CB}.Ad-Hoc|x86.ActiveCfg = Release|x86
		{16FB71C9-D8B3-469F-9CC3-0B3D47F0B0CB}.Ad-Hoc|x86.Build.0 = Release|x86
		{16FB71C9-D8B3-469F-9CC3-0B3D47F0B0CB}.AppStore|Any CPU.ActiveCfg = Release|Any CPU
		{16FB71C9-D8B3-469F-9CC3-0B3D47F0B0CB}.AppStore|Any CPU.Build.0 = Release|Any CPU
		{16FB71C9-D8B3-469F-9CC3-0B3D47F0B0CB}.AppStore|ARM.ActiveCfg = Release|ARM
		{16FB71C9-D8B3-469F-9CC3-0B3D47F0B0CB}.AppStore|ARM.Build.0 = Release|ARM
		{16FB71C9-D8B3-469F-9CC3-0B3D47F0B0CB}.AppStore|iPhone.ActiveCfg = Release|Any CPU
		{16FB71C9-D8B3-469F-9CC3-0B3D47F0B0CB}.AppStore|iPhoneSimulator.ActiveCfg = Release|Any CPU
		{16FB71C9-D8B3-469F-9CC3-0B3D47F0B0CB}.AppStore|x64.ActiveCfg = Release|Any CPU
		{16FB71C9-D8B3-469F-9CC3-0B3D47F0B0CB}.AppStore|x86.ActiveCfg = Release|x86
		{16FB71C9-D8B3-469F-9CC3-0B3D47F0B0CB}.AppStore|x86.Build.0 = Release|x86
		{16FB71C9-D8B3-469F-9CC3-0B3D47F0B0CB}.Debug|Any CPU.ActiveCfg = Debug|Any CPU
		{16FB71C9-D8B3-469F-9CC3-0B3D47F0B0CB}.Debug|Any CPU.Build.0 = Debug|Any CPU
		{16FB71C9-D8B3-469F-9CC3-0B3D47F0B0CB}.Debug|ARM.ActiveCfg = Debug|ARM
		{16FB71C9-D8B3-469F-9CC3-0B3D47F0B0CB}.Debug|ARM.Build.0 = Debug|ARM
		{16FB71C9-D8B3-469F-9CC3-0B3D47F0B0CB}.Debug|iPhone.ActiveCfg = Debug|Any CPU
		{16FB71C9-D8B3-469F-9CC3-0B3D47F0B0CB}.Debug|iPhoneSimulator.ActiveCfg = Debug|Any CPU
		{16FB71C9-D8B3-469F-9CC3-0B3D47F0B0CB}.Debug|x64.ActiveCfg = Debug|Any CPU
		{16FB71C9-D8B3-469F-9CC3-0B3D47F0B0CB}.Debug|x86.ActiveCfg = Debug|x86
		{16FB71C9-D8B3-469F-9CC3-0B3D47F0B0CB}.Debug|x86.Build.0 = Debug|x86
		{16FB71C9-D8B3-469F-9CC3-0B3D47F0B0CB}.Release|Any CPU.ActiveCfg = Release|Any CPU
		{16FB71C9-D8B3-469F-9CC3-0B3D47F0B0CB}.Release|Any CPU.Build.0 = Release|Any CPU
		{16FB71C9-D8B3-469F-9CC3-0B3D47F0B0CB}.Release|ARM.ActiveCfg = Release|ARM
		{16FB71C9-D8B3-469F-9CC3-0B3D47F0B0CB}.Release|ARM.Build.0 = Release|ARM
		{16FB71C9-D8B3-469F-9CC3-0B3D47F0B0CB}.Release|iPhone.ActiveCfg = Release|Any CPU
		{16FB71C9-D8B3-469F-9CC3-0B3D47F0B0CB}.Release|iPhoneSimulator.ActiveCfg = Release|Any CPU
		{16FB71C9-D8B3-469F-9CC3-0B3D47F0B0CB}.Release|x64.ActiveCfg = Release|Any CPU
		{16FB71C9-D8B3-469F-9CC3-0B3D47F0B0CB}.Release|x86.ActiveCfg = Release|x86
		{16FB71C9-D8B3-469F-9CC3-0B3D47F0B0CB}.Release|x86.Build.0 = Release|x86
		{25E29734-C573-45E2-A02A-24B611813596}.Ad-Hoc|Any CPU.ActiveCfg = Release|Any CPU
		{25E29734-C573-45E2-A02A-24B611813596}.Ad-Hoc|Any CPU.Build.0 = Release|Any CPU
		{25E29734-C573-45E2-A02A-24B611813596}.Ad-Hoc|ARM.ActiveCfg = Release|Any CPU
		{25E29734-C573-45E2-A02A-24B611813596}.Ad-Hoc|iPhone.ActiveCfg = Release|Any CPU
		{25E29734-C573-45E2-A02A-24B611813596}.Ad-Hoc|iPhoneSimulator.ActiveCfg = Release|Any CPU
		{25E29734-C573-45E2-A02A-24B611813596}.Ad-Hoc|x64.ActiveCfg = Release|Any CPU
		{25E29734-C573-45E2-A02A-24B611813596}.Ad-Hoc|x86.ActiveCfg = Release|Any CPU
		{25E29734-C573-45E2-A02A-24B611813596}.AppStore|Any CPU.ActiveCfg = Release|Any CPU
		{25E29734-C573-45E2-A02A-24B611813596}.AppStore|Any CPU.Build.0 = Release|Any CPU
		{25E29734-C573-45E2-A02A-24B611813596}.AppStore|ARM.ActiveCfg = Release|Any CPU
		{25E29734-C573-45E2-A02A-24B611813596}.AppStore|iPhone.ActiveCfg = Release|Any CPU
		{25E29734-C573-45E2-A02A-24B611813596}.AppStore|iPhoneSimulator.ActiveCfg = Release|Any CPU
		{25E29734-C573-45E2-A02A-24B611813596}.AppStore|x64.ActiveCfg = Release|Any CPU
		{25E29734-C573-45E2-A02A-24B611813596}.AppStore|x86.ActiveCfg = Release|Any CPU
		{25E29734-C573-45E2-A02A-24B611813596}.Debug|Any CPU.ActiveCfg = Debug|Any CPU
		{25E29734-C573-45E2-A02A-24B611813596}.Debug|Any CPU.Build.0 = Debug|Any CPU
		{25E29734-C573-45E2-A02A-24B611813596}.Debug|ARM.ActiveCfg = Debug|Any CPU
		{25E29734-C573-45E2-A02A-24B611813596}.Debug|iPhone.ActiveCfg = Debug|Any CPU
		{25E29734-C573-45E2-A02A-24B611813596}.Debug|iPhoneSimulator.ActiveCfg = Debug|Any CPU
		{25E29734-C573-45E2-A02A-24B611813596}.Debug|x64.ActiveCfg = Debug|Any CPU
		{25E29734-C573-45E2-A02A-24B611813596}.Debug|x86.ActiveCfg = Debug|Any CPU
		{25E29734-C573-45E2-A02A-24B611813596}.Release|Any CPU.ActiveCfg = Release|Any CPU
		{25E29734-C573-45E2-A02A-24B611813596}.Release|Any CPU.Build.0 = Release|Any CPU
		{25E29734-C573-45E2-A02A-24B611813596}.Release|ARM.ActiveCfg = Release|Any CPU
		{25E29734-C573-45E2-A02A-24B611813596}.Release|iPhone.ActiveCfg = Release|Any CPU
		{25E29734-C573-45E2-A02A-24B611813596}.Release|iPhoneSimulator.ActiveCfg = Release|Any CPU
		{25E29734-C573-45E2-A02A-24B611813596}.Release|x64.ActiveCfg = Release|Any CPU
		{25E29734-C573-45E2-A02A-24B611813596}.Release|x86.ActiveCfg = Release|Any CPU
		{564E7AEE-2440-4842-AED2-8D7DE30DE173}.Ad-Hoc|Any CPU.ActiveCfg = Release|Any CPU
		{564E7AEE-2440-4842-AED2-8D7DE30DE173}.Ad-Hoc|Any CPU.Build.0 = Release|Any CPU
		{564E7AEE-2440-4842-AED2-8D7DE30DE173}.Ad-Hoc|ARM.ActiveCfg = Release|Any CPU
		{564E7AEE-2440-4842-AED2-8D7DE30DE173}.Ad-Hoc|iPhone.ActiveCfg = Release|Any CPU
		{564E7AEE-2440-4842-AED2-8D7DE30DE173}.Ad-Hoc|iPhoneSimulator.ActiveCfg = Release|Any CPU
		{564E7AEE-2440-4842-AED2-8D7DE30DE173}.Ad-Hoc|x64.ActiveCfg = Release|Any CPU
		{564E7AEE-2440-4842-AED2-8D7DE30DE173}.Ad-Hoc|x86.ActiveCfg = Release|Any CPU
		{564E7AEE-2440-4842-AED2-8D7DE30DE173}.AppStore|Any CPU.ActiveCfg = Release|Any CPU
		{564E7AEE-2440-4842-AED2-8D7DE30DE173}.AppStore|Any CPU.Build.0 = Release|Any CPU
		{564E7AEE-2440-4842-AED2-8D7DE30DE173}.AppStore|ARM.ActiveCfg = Release|Any CPU
		{564E7AEE-2440-4842-AED2-8D7DE30DE173}.AppStore|iPhone.ActiveCfg = Release|Any CPU
		{564E7AEE-2440-4842-AED2-8D7DE30DE173}.AppStore|iPhoneSimulator.ActiveCfg = Release|Any CPU
		{564E7AEE-2440-4842-AED2-8D7DE30DE173}.AppStore|x64.ActiveCfg = Release|Any CPU
		{564E7AEE-2440-4842-AED2-8D7DE30DE173}.AppStore|x86.ActiveCfg = Release|Any CPU
		{564E7AEE-2440-4842-AED2-8D7DE30DE173}.Debug|Any CPU.ActiveCfg = Debug|Any CPU
		{564E7AEE-2440-4842-AED2-8D7DE30DE173}.Debug|Any CPU.Build.0 = Debug|Any CPU
		{564E7AEE-2440-4842-AED2-8D7DE30DE173}.Debug|ARM.ActiveCfg = Debug|Any CPU
		{564E7AEE-2440-4842-AED2-8D7DE30DE173}.Debug|iPhone.ActiveCfg = Debug|Any CPU
		{564E7AEE-2440-4842-AED2-8D7DE30DE173}.Debug|iPhoneSimulator.ActiveCfg = Debug|Any CPU
		{564E7AEE-2440-4842-AED2-8D7DE30DE173}.Debug|x64.ActiveCfg = Debug|Any CPU
		{564E7AEE-2440-4842-AED2-8D7DE30DE173}.Debug|x86.ActiveCfg = Debug|Any CPU
		{564E7AEE-2440-4842-AED2-8D7DE30DE173}.Release|Any CPU.ActiveCfg = Release|Any CPU
		{564E7AEE-2440-4842-AED2-8D7DE30DE173}.Release|Any CPU.Build.0 = Release|Any CPU
		{564E7AEE-2440-4842-AED2-8D7DE30DE173}.Release|ARM.ActiveCfg = Release|Any CPU
		{564E7AEE-2440-4842-AED2-8D7DE30DE173}.Release|iPhone.ActiveCfg = Release|Any CPU
		{564E7AEE-2440-4842-AED2-8D7DE30DE173}.Release|iPhoneSimulator.ActiveCfg = Release|Any CPU
		{564E7AEE-2440-4842-AED2-8D7DE30DE173}.Release|x64.ActiveCfg = Release|Any CPU
		{564E7AEE-2440-4842-AED2-8D7DE30DE173}.Release|x86.ActiveCfg = Release|Any CPU
	EndGlobalSection
	GlobalSection(SolutionProperties) = preSolution
		HideSolutionNode = FALSE
	EndGlobalSection
	GlobalSection(NestedProjects) = preSolution
		{04B9D1A5-9905-47F6-B8C4-45A07430AC09} = {13B709EB-D87F-4E10-9285-4FE62EFBBE65}
		{9EEC199F-9D98-48D0-A8E7-54609A686F07} = {735A217A-67F5-4798-A7DE-423C5C38C9A5}
		{5895202C-46D9-4372-9C8D-0B591FC3D7D8} = {735A217A-67F5-4798-A7DE-423C5C38C9A5}
		{564E7AEE-2440-4842-AED2-8D7DE30DE173} = {13B709EB-D87F-4E10-9285-4FE62EFBBE65}
	EndGlobalSection
	GlobalSection(MonoDevelopProperties) = preSolution
		StartupItem = src\ArcGIS.ServiceModel\ArcGIS.ServiceModel.csproj
	EndGlobalSection
EndGlobal
