
Microsoft Visual Studio Solution File, Format Version 12.00
# Visual Studio 2012
Project("{FAE04EC0-301F-11D3-BF4B-00C04F79EFBC}") = "ArcGIS.ServiceModel", "ArcGIS.ServiceModel\ArcGIS.ServiceModel.csproj", "{BD6D09F4-FCD7-4894-971B-87E6294393BC}"
EndProject
Project("{2150E333-8FDC-42A3-9474-1A3956D46DE8}") = ".nuget", ".nuget", "{6C18CD97-DD30-4755-95F3-778F54B127BD}"
	ProjectSection(SolutionItems) = preProject
		.nuget\NuGet.Config = .nuget\NuGet.Config
		.nuget\NuGet.exe = .nuget\NuGet.exe
		.nuget\NuGet.targets = .nuget\NuGet.targets
	EndProjectSection
EndProject
Project("{FAE04EC0-301F-11D3-BF4B-00C04F79EFBC}") = "ArcGIS.Test", "ArcGIS.Test\ArcGIS.Test.csproj", "{04B9D1A5-9905-47F6-B8C4-45A07430AC09}"
EndProject
Project("{2150E333-8FDC-42A3-9474-1A3956D46DE8}") = "Solution Items", "Solution Items", "{42617E5E-715F-4F48-B2DA-177A312D0115}"
	ProjectSection(SolutionItems) = preProject
		.travis.yml = .travis.yml
		CI.proj = CI.proj
	EndProjectSection
EndProject
Global
	GlobalSection(SolutionConfigurationPlatforms) = preSolution
		Debug|Any CPU = Debug|Any CPU
		Release|Any CPU = Release|Any CPU
	EndGlobalSection
	GlobalSection(ProjectConfigurationPlatforms) = postSolution
		{BD6D09F4-FCD7-4894-971B-87E6294393BC}.Debug|Any CPU.ActiveCfg = Debug|Any CPU
		{BD6D09F4-FCD7-4894-971B-87E6294393BC}.Debug|Any CPU.Build.0 = Debug|Any CPU
		{BD6D09F4-FCD7-4894-971B-87E6294393BC}.Release|Any CPU.ActiveCfg = Release|Any CPU
		{BD6D09F4-FCD7-4894-971B-87E6294393BC}.Release|Any CPU.Build.0 = Release|Any CPU
		{04B9D1A5-9905-47F6-B8C4-45A07430AC09}.Debug|Any CPU.ActiveCfg = Debug|Any CPU
		{04B9D1A5-9905-47F6-B8C4-45A07430AC09}.Debug|Any CPU.Build.0 = Debug|Any CPU
		{04B9D1A5-9905-47F6-B8C4-45A07430AC09}.Release|Any CPU.ActiveCfg = Release|Any CPU
		{04B9D1A5-9905-47F6-B8C4-45A07430AC09}.Release|Any CPU.Build.0 = Release|Any CPU
	EndGlobalSection
	GlobalSection(SolutionProperties) = preSolution
		HideSolutionNode = FALSE
	EndGlobalSection
EndGlobal
