
Microsoft Visual Studio Solution File, Format Version 11.00
# Visual Studio 2010
Project("{FAE04EC0-301F-11D3-BF4B-00C04F79EFBC}") = "ArcGIS.PCL.Android", "ArcGIS.PCL.Android.csproj", "{CDA1C0C9-952D-4DC7-8974-2567E60DF44E}"
EndProject
Global
	GlobalSection(SolutionConfigurationPlatforms) = preSolution
		Debug|Any CPU = Debug|Any CPU
		Release|Any CPU = Release|Any CPU
	EndGlobalSection
	GlobalSection(ProjectConfigurationPlatforms) = postSolution
		{CDA1C0C9-952D-4DC7-8974-2567E60DF44E}.Debug|Any CPU.ActiveCfg = Debug|Any CPU
		{CDA1C0C9-952D-4DC7-8974-2567E60DF44E}.Debug|Any CPU.Build.0 = Debug|Any CPU
		{CDA1C0C9-952D-4DC7-8974-2567E60DF44E}.Release|Any CPU.ActiveCfg = Release|Any CPU
		{CDA1C0C9-952D-4DC7-8974-2567E60DF44E}.Release|Any CPU.Build.0 = Release|Any CPU
	EndGlobalSection
	GlobalSection(MonoDevelopProperties) = preSolution
		StartupItem = ArcGIS.PCL.Android.csproj
	EndGlobalSection
EndGlobal
